
Microsoft Visual Studio Solution File, Format Version 12.00
# Visual Studio Version 17
VisualStudioVersion = 17.14.36401.2
MinimumVisualStudioVersion = 10.0.40219.1
Project("{2150E333-8FDC-42A3-9474-1A3956D46DE8}") = "src", "src", "{BD1DBF64-A517-45F8-9CAC-304B05B606B7}"
EndProject
Project("{9A19103F-16F7-4668-BE54-9A1E7A4F7556}") = "Ilicop.Web", "src\Ilicop.Web\Ilicop.Web.csproj", "{017A4614-1FDE-4781-80CB-47C14EAEB63E}"
EndProject
Project("{2150E333-8FDC-42A3-9474-1A3956D46DE8}") = "Solution Items", "Solution Items", "{43E574FF-2ABB-4354-AE9A-6412A373EE2A}"
	ProjectSection(SolutionItems) = preProject
		.dockerignore = .dockerignore
		.editorconfig = .editorconfig
		.gitignore = .gitignore
		CHANGELOG.md = CHANGELOG.md
		CONTRIBUTING.md = CONTRIBUTING.md
		Directory.Build.props = Directory.Build.props
		docker-compose.yml = docker-compose.yml
		docker-entrypoint.sh = docker-entrypoint.sh
		Dockerfile = Dockerfile
		README.md = README.md
		VERSION = VERSION
	EndProjectSection
EndProject
Project("{2150E333-8FDC-42A3-9474-1A3956D46DE8}") = "tests", "tests", "{52DFCE0E-17C2-4DBC-B77A-9FE5574D1DB1}"
EndProject
Project("{9A19103F-16F7-4668-BE54-9A1E7A4F7556}") = "Ilicop.Web.Test", "tests\Ilicop.Web.Test\Ilicop.Web.Test.csproj", "{5AF1D3BE-E2C3-4259-B00C-A3C2456DC959}"
EndProject
Global
	GlobalSection(SolutionConfigurationPlatforms) = preSolution
		Debug|Any CPU = Debug|Any CPU
		Debug|x64 = Debug|x64
		Debug|x86 = Debug|x86
		Release|Any CPU = Release|Any CPU
		Release|x64 = Release|x64
		Release|x86 = Release|x86
	EndGlobalSection
	GlobalSection(ProjectConfigurationPlatforms) = postSolution
		{017A4614-1FDE-4781-80CB-47C14EAEB63E}.Debug|Any CPU.ActiveCfg = Debug|Any CPU
		{017A4614-1FDE-4781-80CB-47C14EAEB63E}.Debug|Any CPU.Build.0 = Debug|Any CPU
		{017A4614-1FDE-4781-80CB-47C14EAEB63E}.Debug|x64.ActiveCfg = Debug|Any CPU
		{017A4614-1FDE-4781-80CB-47C14EAEB63E}.Debug|x64.Build.0 = Debug|Any CPU
		{017A4614-1FDE-4781-80CB-47C14EAEB63E}.Debug|x86.ActiveCfg = Debug|Any CPU
		{017A4614-1FDE-4781-80CB-47C14EAEB63E}.Debug|x86.Build.0 = Debug|Any CPU
		{017A4614-1FDE-4781-80CB-47C14EAEB63E}.Release|Any CPU.ActiveCfg = Release|Any CPU
		{017A4614-1FDE-4781-80CB-47C14EAEB63E}.Release|Any CPU.Build.0 = Release|Any CPU
		{017A4614-1FDE-4781-80CB-47C14EAEB63E}.Release|x64.ActiveCfg = Release|Any CPU
		{017A4614-1FDE-4781-80CB-47C14EAEB63E}.Release|x64.Build.0 = Release|Any CPU
		{017A4614-1FDE-4781-80CB-47C14EAEB63E}.Release|x86.ActiveCfg = Release|Any CPU
		{017A4614-1FDE-4781-80CB-47C14EAEB63E}.Release|x86.Build.0 = Release|Any CPU
		{5AF1D3BE-E2C3-4259-B00C-A3C2456DC959}.Debug|Any CPU.ActiveCfg = Debug|Any CPU
		{5AF1D3BE-E2C3-4259-B00C-A3C2456DC959}.Debug|Any CPU.Build.0 = Debug|Any CPU
		{5AF1D3BE-E2C3-4259-B00C-A3C2456DC959}.Debug|x64.ActiveCfg = Debug|Any CPU
		{5AF1D3BE-E2C3-4259-B00C-A3C2456DC959}.Debug|x64.Build.0 = Debug|Any CPU
		{5AF1D3BE-E2C3-4259-B00C-A3C2456DC959}.Debug|x86.ActiveCfg = Debug|Any CPU
		{5AF1D3BE-E2C3-4259-B00C-A3C2456DC959}.Debug|x86.Build.0 = Debug|Any CPU
		{5AF1D3BE-E2C3-4259-B00C-A3C2456DC959}.Release|Any CPU.ActiveCfg = Release|Any CPU
		{5AF1D3BE-E2C3-4259-B00C-A3C2456DC959}.Release|Any CPU.Build.0 = Release|Any CPU
		{5AF1D3BE-E2C3-4259-B00C-A3C2456DC959}.Release|x64.ActiveCfg = Release|Any CPU
		{5AF1D3BE-E2C3-4259-B00C-A3C2456DC959}.Release|x64.Build.0 = Release|Any CPU
		{5AF1D3BE-E2C3-4259-B00C-A3C2456DC959}.Release|x86.ActiveCfg = Release|Any CPU
		{5AF1D3BE-E2C3-4259-B00C-A3C2456DC959}.Release|x86.Build.0 = Release|Any CPU
	EndGlobalSection
	GlobalSection(SolutionProperties) = preSolution
		HideSolutionNode = FALSE
	EndGlobalSection
	GlobalSection(NestedProjects) = preSolution
		{017A4614-1FDE-4781-80CB-47C14EAEB63E} = {BD1DBF64-A517-45F8-9CAC-304B05B606B7}
		{5AF1D3BE-E2C3-4259-B00C-A3C2456DC959} = {52DFCE0E-17C2-4DBC-B77A-9FE5574D1DB1}
	EndGlobalSection
	GlobalSection(ExtensibilityGlobals) = postSolution
		SolutionGuid = {F30E54C3-2390-4D79-8488-9C4918FA88CA}
	EndGlobalSection
EndGlobal
